
Microsoft Visual Studio Solution File, Format Version 12.00
# Visual Studio 14
VisualStudioVersion = 14.0.24720.0
MinimumVisualStudioVersion = 10.0.40219.1
Project("{F2A71F9B-5D33-465A-A702-920D77279786}") = "grnline.fs", "grnline.fs\grnline.fs.fsproj", "{7BE1B4E3-321F-4F98-A9BB-BBE8FBAB134A}"
EndProject
Project("{F2A71F9B-5D33-465A-A702-920D77279786}") = "grnline.fs.Persimmon.Tests", "grnline.fs.Persimmon.Tests\grnline.fs.Persimmon.Tests.fsproj", "{5593BB12-6FAE-4B19-9D2D-E0F3C2284DDF}"
EndProject
Global
	GlobalSection(SolutionConfigurationPlatforms) = preSolution
		Debug|Any CPU = Debug|Any CPU
		Release|Any CPU = Release|Any CPU
	EndGlobalSection
	GlobalSection(ProjectConfigurationPlatforms) = postSolution
		{7BE1B4E3-321F-4F98-A9BB-BBE8FBAB134A}.Debug|Any CPU.ActiveCfg = Debug|Any CPU
		{7BE1B4E3-321F-4F98-A9BB-BBE8FBAB134A}.Debug|Any CPU.Build.0 = Debug|Any CPU
		{7BE1B4E3-321F-4F98-A9BB-BBE8FBAB134A}.Release|Any CPU.ActiveCfg = Release|Any CPU
		{7BE1B4E3-321F-4F98-A9BB-BBE8FBAB134A}.Release|Any CPU.Build.0 = Release|Any CPU
		{5593BB12-6FAE-4B19-9D2D-E0F3C2284DDF}.Debug|Any CPU.ActiveCfg = Debug|Any CPU
		{5593BB12-6FAE-4B19-9D2D-E0F3C2284DDF}.Debug|Any CPU.Build.0 = Debug|Any CPU
		{5593BB12-6FAE-4B19-9D2D-E0F3C2284DDF}.Release|Any CPU.ActiveCfg = Release|Any CPU
		{5593BB12-6FAE-4B19-9D2D-E0F3C2284DDF}.Release|Any CPU.Build.0 = Release|Any CPU
	EndGlobalSection
	GlobalSection(SolutionProperties) = preSolution
		HideSolutionNode = FALSE
	EndGlobalSection
EndGlobal
